Microsoft Visual Studio Solution File, Format Version 11.00
# Visual Studio 2008

Project("{D3A69635-E040-84CD-DF07-03F2A143A7F6}") = "UltraCyber", "Assembly-CSharp-vs.csproj", "{448B275B-9219-F8CC-663D-A93D1C4DA9BD}"
EndProject
Global
	GlobalSection(SolutionConfigurationPlatforms) = preSolution
		Debug|Any CPU = Debug|Any CPU
		Release|Any CPU = Release|Any CPU
	EndGlobalSection
	GlobalSection(ProjectConfigurationPlatforms) = postSolution
		{448B275B-9219-F8CC-663D-A93D1C4DA9BD}.Debug|Any CPU.ActiveCfg = Debug|Any CPU
		{448B275B-9219-F8CC-663D-A93D1C4DA9BD}.Debug|Any CPU.Build.0 = Debug|Any CPU
		{448B275B-9219-F8CC-663D-A93D1C4DA9BD}.Release|Any CPU.ActiveCfg = Release|Any CPU
		{448B275B-9219-F8CC-663D-A93D1C4DA9BD}.Release|Any CPU.Build.0 = Release|Any CPU
	EndGlobalSection
	GlobalSection(SolutionProperties) = preSolution
		HideSolutionNode = FALSE
	EndGlobalSection
																		GlobalSection(MonoDevelopProperties) = preSolution
		StartupItem = Assembly-CSharp.csproj
		Policies = $0
		$0.TextStylePolicy = $1
		$1.inheritsSet = null
		$1.scope = text/x-csharp
		$0.CSharpFormattingPolicy = $2
		$2.inheritsSet = Mono
		$2.inheritsScope = text/x-csharp
		$2.scope = text/x-csharp
		$0.TextStylePolicy = $3
		$3.FileWidth = 120
		$3.TabWidth = 4
		$3.EolMarker = Unix
		$3.inheritsSet = Mono
		$3.inheritsScope = text/plain
		$3.scope = text/plain
	EndGlobalSection

EndGlobal
